
Microsoft Visual Studio Solution File, Format Version 12.00
# Visual Studio Version 17
VisualStudioVersion = 17.10.34916.146
MinimumVisualStudioVersion = 10.0.40219.1
Project("{9A19103F-16F7-4668-BE54-9A1E7A4F7556}") = "chat-backend", "chat-backend.csproj", "{16375CA4-0A3A-4487-84EC-6EA767414F52}"
EndProject
Project("{9A19103F-16F7-4668-BE54-9A1E7A4F7556}") = "Persistence", "..\Persistence\Persistence.csproj", "{7AF0C649-62B6-49B0-AC31-19620BC4E94E}"
EndProject
Project("{9A19103F-16F7-4668-BE54-9A1E7A4F7556}") = "Shared", "..\Shared\Shared.csproj", "{A793CF06-77E6-4401-A3CF-2ED566FB25DC}"
EndProject
Global
	GlobalSection(SolutionConfigurationPlatforms) = preSolution
		Debug|Any CPU = Debug|Any CPU
		Release|Any CPU = Release|Any CPU
	EndGlobalSection
	GlobalSection(ProjectConfigurationPlatforms) = postSolution
		{16375CA4-0A3A-4487-84EC-6EA767414F52}.Debug|Any CPU.ActiveCfg = Debug|Any CPU
		{16375CA4-0A3A-4487-84EC-6EA767414F52}.Debug|Any CPU.Build.0 = Debug|Any CPU
		{16375CA4-0A3A-4487-84EC-6EA767414F52}.Release|Any CPU.ActiveCfg = Release|Any CPU
		{16375CA4-0A3A-4487-84EC-6EA767414F52}.Release|Any CPU.Build.0 = Release|Any CPU
		{7AF0C649-62B6-49B0-AC31-19620BC4E94E}.Debug|Any CPU.ActiveCfg = Debug|Any CPU
		{7AF0C649-62B6-49B0-AC31-19620BC4E94E}.Debug|Any CPU.Build.0 = Debug|Any CPU
		{7AF0C649-62B6-49B0-AC31-19620BC4E94E}.Release|Any CPU.ActiveCfg = Release|Any CPU
		{7AF0C649-62B6-49B0-AC31-19620BC4E94E}.Release|Any CPU.Build.0 = Release|Any CPU
		{A793CF06-77E6-4401-A3CF-2ED566FB25DC}.Debug|Any CPU.ActiveCfg = Debug|Any CPU
		{A793CF06-77E6-4401-A3CF-2ED566FB25DC}.Debug|Any CPU.Build.0 = Debug|Any CPU
		{A793CF06-77E6-4401-A3CF-2ED566FB25DC}.Release|Any CPU.ActiveCfg = Release|Any CPU
		{A793CF06-77E6-4401-A3CF-2ED566FB25DC}.Release|Any CPU.Build.0 = Release|Any CPU
	EndGlobalSection
	GlobalSection(SolutionProperties) = preSolution
		HideSolutionNode = FALSE
	EndGlobalSection
	GlobalSection(ExtensibilityGlobals) = postSolution
		SolutionGuid = {0F25E9E9-888D-47F0-AEAB-DD2FB4C40396}
	EndGlobalSection
EndGlobal
